
Microsoft Visual Studio Solution File, Format Version 12.00
# Visual Studio Version 17
VisualStudioVersion = 17.2.32616.157
MinimumVisualStudioVersion = 10.0.40219.1
Project("{8BC9CEB8-8B4A-11D0-8D11-00A0C91BC942}") = "OpenGl", "OpenGl\OpenGl.vcxproj", "{874E0F3B-A39A-4E13-A8F3-49941DE326CC}"
EndProject
Global
	GlobalSection(SolutionConfigurationPlatforms) = preSolution
		Debug|x64 = Debug|x64
		Debug|x86 = Debug|x86
		Release|x64 = Release|x64
		Release|x86 = Release|x86
	EndGlobalSection
	GlobalSection(ProjectConfigurationPlatforms) = postSolution
		{874E0F3B-A39A-4E13-A8F3-49941DE326CC}.Debug|x64.ActiveCfg = Debug|x64
		{874E0F3B-A39A-4E13-A8F3-49941DE326CC}.Debug|x64.Build.0 = Debug|x64
		{874E0F3B-A39A-4E13-A8F3-49941DE326CC}.Debug|x86.ActiveCfg = Debug|Win32
		{874E0F3B-A39A-4E13-A8F3-49941DE326CC}.Debug|x86.Build.0 = Debug|Win32
		{874E0F3B-A39A-4E13-A8F3-49941DE326CC}.Release|x64.ActiveCfg = Release|x64
		{874E0F3B-A39A-4E13-A8F3-49941DE326CC}.Release|x64.Build.0 = Release|x64
		{874E0F3B-A39A-4E13-A8F3-49941DE326CC}.Release|x86.ActiveCfg = Release|Win32
		{874E0F3B-A39A-4E13-A8F3-49941DE326CC}.Release|x86.Build.0 = Release|Win32
	EndGlobalSection
	GlobalSection(SolutionProperties) = preSolution
		HideSolutionNode = FALSE
	EndGlobalSection
	GlobalSection(ExtensibilityGlobals) = postSolution
		SolutionGuid = {60875859-86BA-484D-9C49-E260D9BCBA10}
	EndGlobalSection
EndGlobal
